PODS:
  - Alamofire (4.7.3)
  - Aspects (1.4.1)
  - DeviceKit (1.8.1)
  - Differentiator (3.1.0)
  - fishhook (0.2)
  - HandyJSON (4.2.0)
  - Kingfisher (4.10.0)
  - ReactiveCocoa (2.5):
    - ReactiveCocoa/UI (= 2.5)
  - ReactiveCocoa/Core (2.5):
    - ReactiveCocoa/no-arc
  - ReactiveCocoa/no-arc (2.5)
  - ReactiveCocoa/UI (2.5):
    - ReactiveCocoa/Core
  - RxCocoa (4.3.1):
    - RxSwift (~> 4.0)
  - RxDataSources (3.1.0):
    - Differentiator (~> 3.0)
    - RxCocoa (~> 4.0)
    - RxSwift (~> 4.0)
  - RxSwift (4.3.1)
  - SnapKit (4.0.1)
  - SwiftDate (5.0.9)
  - SwifterSwift (4.5.0):
    - SwifterSwift/AppKit (= 4.5.0)
    - SwifterSwift/CoreGraphics (= 4.5.0)
    - SwifterSwift/CoreLocation (= 4.5.0)
    - SwifterSwift/Foundation (= 4.5.0)
    - SwifterSwift/MapKit (= 4.5.0)
    - SwifterSwift/SpriteKit (= 4.5.0)
    - SwifterSwift/SwiftStdlib (= 4.5.0)
    - SwifterSwift/UIKit (= 4.5.0)
  - SwifterSwift/AppKit (4.5.0)
  - SwifterSwift/CoreGraphics (4.5.0)
  - SwifterSwift/CoreLocation (4.5.0)
  - SwifterSwift/Foundation (4.5.0)
  - SwifterSwift/MapKit (4.5.0)
  - SwifterSwift/SpriteKit (4.5.0)
  - SwifterSwift/SwiftStdlib (4.5.0)
  - SwifterSwift/UIKit (4.5.0)
  - SwiftTryCatch (0.0.1)
  - SwiftyJSON (4.1.0)

DEPENDENCIES:
  - Alamofire
  - Aspects
  - DeviceKit
  - fishhook
  - HandyJSON
  - Kingfisher
  - ReactiveCocoa (~> 2.5)
  - RxCocoa
  - RxDataSources
  - RxSwift
  - SnapKit
  - SwiftDate
  - SwifterSwift
  - SwiftTryCatch
  - SwiftyJSON

SPEC REPOS:
  https://github.com/cocoapods/specs.git:
    - Alamofire
    - Aspects
    - DeviceKit
    - Differentiator
    - fishhook
    - HandyJSON
    - Kingfisher
    - ReactiveCocoa
    - RxCocoa
    - RxDataSources
    - RxSwift
    - SnapKit
    - SwiftDate
    - SwifterSwift
    - SwiftTryCatch
    - SwiftyJSON

SPEC CHECKSUMS:
  Alamofire: c7287b6e5d7da964a70935e5db17046b7fde6568
  Aspects: 7595ba96a6727a58ebcbfc954497fc5d2fdde546
  DeviceKit: eb29be542f5473b46b1c719011cf7de3ec5264ca
  Differentiator: be49ca3408f0ecfc761e4c7763d20c62be01b9ad
  fishhook: ea19933abfe8f2f52c55fd8b6e2718467d3ebc89
  HandyJSON: 9dfc026c7d7adc1f0f8ba8b181495f0e0763b0f4
  Kingfisher: 43c4b802d8b5256cf1f4379e9cd10b329be6d3e2
  ReactiveCocoa: e2db045570aa97c695e7aa97c2bcab222ae51f4a
  RxCocoa: 78763c7b07d02455598d9fc3c1ad091a28b73635
  RxDataSources: a843bad90c29817f5923ec8163f4af2de084ceb3
  RxSwift: fe0fd770a43acdb7d0a53da411c9b892e69bb6e4
  SnapKit: 0de968a9fec17499afa29683b05d0c775b6d1c29
  SwiftDate: 52b718d32ec006861a2be2756cbfa482d438e781
  SwifterSwift: 45339f9100181f0ca1d9b46248e45d0879a48596
  SwiftTryCatch: fb6d2b34abe48efd69578dac919293a44f95b481
  SwiftyJSON: c29297daf073d2aa016295d5809cdd68045c39b3

PODFILE CHECKSUM: 385036dfaa323f9aea0abd1b320fc7b30a89b680

COCOAPODS: 1.5.3
